
Microsoft Visual Studio Solution File, Format Version 12.00
# Visual Studio 2012
Project("{FAE04EC0-301F-11D3-BF4B-00C04F79EFBC}") = "xamarinfire.iOS", "iOS\xamarinfire.iOS.csproj", "{7A09B45B-5E5A-4951-A666-617F8A770998}"
EndProject
Project("{FAE04EC0-301F-11D3-BF4B-00C04F79EFBC}") = "xamarinfire", "xamarinfire\xamarinfire.csproj", "{D7F5E498-0B76-4811-A10D-ADFD4B66E282}"
EndProject
Project("{FAE04EC0-301F-11D3-BF4B-00C04F79EFBC}") = "xamarinfire.Droid", "Droid\xamarinfire.Droid.csproj", "{339407C5-527F-4CF1-A606-A70F5B60D937}"
EndProject
Global
	GlobalSection(SolutionConfigurationPlatforms) = preSolution
		Debug|Any CPU = Debug|Any CPU
		Release|Any CPU = Release|Any CPU
		Debug|iPhoneSimulator = Debug|iPhoneSimulator
		Release|iPhone = Release|iPhone
		Release|iPhoneSimulator = Release|iPhoneSimulator
		Debug|iPhone = Debug|iPhone
	EndGlobalSection
	GlobalSection(ProjectConfigurationPlatforms) = postSolution
		{7A09B45B-5E5A-4951-A666-617F8A770998}.Debug|Any CPU.ActiveCfg = Debug|iPhoneSimulator
		{7A09B45B-5E5A-4951-A666-617F8A770998}.Debug|Any CPU.Build.0 = Debug|iPhoneSimulator
		{7A09B45B-5E5A-4951-A666-617F8A770998}.Release|Any CPU.ActiveCfg = Release|iPhone
		{7A09B45B-5E5A-4951-A666-617F8A770998}.Release|Any CPU.Build.0 = Release|iPhone
		{7A09B45B-5E5A-4951-A666-617F8A770998}.Debug|iPhoneSimulator.ActiveCfg = Debug|iPhoneSimulator
		{7A09B45B-5E5A-4951-A666-617F8A770998}.Debug|iPhoneSimulator.Build.0 = Debug|iPhoneSimulator
		{7A09B45B-5E5A-4951-A666-617F8A770998}.Release|iPhone.ActiveCfg = Release|iPhone
		{7A09B45B-5E5A-4951-A666-617F8A770998}.Release|iPhone.Build.0 = Release|iPhone
		{7A09B45B-5E5A-4951-A666-617F8A770998}.Release|iPhoneSimulator.ActiveCfg = Release|iPhoneSimulator
		{7A09B45B-5E5A-4951-A666-617F8A770998}.Release|iPhoneSimulator.Build.0 = Release|iPhoneSimulator
		{7A09B45B-5E5A-4951-A666-617F8A770998}.Debug|iPhone.ActiveCfg = Debug|iPhone
		{7A09B45B-5E5A-4951-A666-617F8A770998}.Debug|iPhone.Build.0 = Debug|iPhone
		{D7F5E498-0B76-4811-A10D-ADFD4B66E282}.Debug|Any CPU.ActiveCfg = Debug|Any CPU
		{D7F5E498-0B76-4811-A10D-ADFD4B66E282}.Debug|Any CPU.Build.0 = Debug|Any CPU
		{D7F5E498-0B76-4811-A10D-ADFD4B66E282}.Release|Any CPU.ActiveCfg = Release|Any CPU
		{D7F5E498-0B76-4811-A10D-ADFD4B66E282}.Release|Any CPU.Build.0 = Release|Any CPU
		{D7F5E498-0B76-4811-A10D-ADFD4B66E282}.Debug|iPhoneSimulator.ActiveCfg = Debug|Any CPU
		{D7F5E498-0B76-4811-A10D-ADFD4B66E282}.Debug|iPhoneSimulator.Build.0 = Debug|Any CPU
		{D7F5E498-0B76-4811-A10D-ADFD4B66E282}.Release|iPhone.ActiveCfg = Release|Any CPU
		{D7F5E498-0B76-4811-A10D-ADFD4B66E282}.Release|iPhone.Build.0 = Release|Any CPU
		{D7F5E498-0B76-4811-A10D-ADFD4B66E282}.Release|iPhoneSimulator.ActiveCfg = Release|Any CPU
		{D7F5E498-0B76-4811-A10D-ADFD4B66E282}.Release|iPhoneSimulator.Build.0 = Release|Any CPU
		{D7F5E498-0B76-4811-A10D-ADFD4B66E282}.Debug|iPhone.ActiveCfg = Debug|Any CPU
		{D7F5E498-0B76-4811-A10D-ADFD4B66E282}.Debug|iPhone.Build.0 = Debug|Any CPU
		{339407C5-527F-4CF1-A606-A70F5B60D937}.Debug|Any CPU.ActiveCfg = Debug|Any CPU
		{339407C5-527F-4CF1-A606-A70F5B60D937}.Debug|Any CPU.Build.0 = Debug|Any CPU
		{339407C5-527F-4CF1-A606-A70F5B60D937}.Release|Any CPU.ActiveCfg = Release|Any CPU
		{339407C5-527F-4CF1-A606-A70F5B60D937}.Release|Any CPU.Build.0 = Release|Any CPU
		{339407C5-527F-4CF1-A606-A70F5B60D937}.Debug|iPhoneSimulator.ActiveCfg = Debug|Any CPU
		{339407C5-527F-4CF1-A606-A70F5B60D937}.Debug|iPhoneSimulator.Build.0 = Debug|Any CPU
		{339407C5-527F-4CF1-A606-A70F5B60D937}.Release|iPhone.ActiveCfg = Release|Any CPU
		{339407C5-527F-4CF1-A606-A70F5B60D937}.Release|iPhone.Build.0 = Release|Any CPU
		{339407C5-527F-4CF1-A606-A70F5B60D937}.Release|iPhoneSimulator.ActiveCfg = Release|Any CPU
		{339407C5-527F-4CF1-A606-A70F5B60D937}.Release|iPhoneSimulator.Build.0 = Release|Any CPU
		{339407C5-527F-4CF1-A606-A70F5B60D937}.Debug|iPhone.ActiveCfg = Debug|Any CPU
		{339407C5-527F-4CF1-A606-A70F5B60D937}.Debug|iPhone.Build.0 = Debug|Any CPU
	EndGlobalSection
EndGlobal
